// !$*UTF8*$!
{
	archiveVersion = 1;
	classes = {
	};
	objectVersion = 50;
	objects = {

/* Begin PBXBuildFile section */
		0C453D6C24346FC6006B5B63 /* AppDelegate.swift in Sources */ = {isa = PBXBuildFile; fileRef = 0C453D6B24346FC6006B5B63 /* AppDelegate.swift */; };
		0C453D6E24346FC6006B5B63 /* SceneDelegate.swift in Sources */ = {isa = PBXBuildFile; fileRef = 0C453D6D24346FC6006B5B63 /* SceneDelegate.swift */; };
		0C453D7024346FC6006B5B63 /* ViewController.swift in Sources */ = {isa = PBXBuildFile; fileRef = 0C453D6F24346FC6006B5B63 /* ViewController.swift */; };
		0C453D7524346FC8006B5B63 /* Assets.xcassets in Resources */ = {isa = PBXBuildFile; fileRef = 0C453D7424346FC8006B5B63 /* Assets.xcassets */; };
		0C453D7824346FC8006B5B63 /* LaunchScreen.storyboard in Resources */ = {isa = PBXBuildFile; fileRef = 0C453D7624346FC8006B5B63 /* LaunchScreen.storyboard */; };
		0C453D812434712A006B5B63 /* Country.swift in Sources */ = {isa = PBXBuildFile; fileRef = 0C453D7F2434712A006B5B63 /* Country.swift */; };
		0C453D822434712A006B5B63 /* CountryCell.swift in Sources */ = {isa = PBXBuildFile; fileRef = 0C453D802434712A006B5B63 /* CountryCell.swift */; };
/* End PBXBuildFile section */

/* Begin PBXFileReference section */
		0C453D6824346FC6006B5B63 /* searchBariOS.app */ = {isa = PBXFileReference; explicitFileType = wrapper.application; includeInIndex = 0; path = searchBariOS.app; sourceTree = BUILT_PRODUCTS_DIR; };
		0C453D6B24346FC6006B5B63 /* AppDelegate.swift */ = {isa = PBXFileReference; lastKnownFileType = sourcecode.swift; path = AppDelegate.swift; sourceTree = "<group>"; };
		0C453D6D24346FC6006B5B63 /* SceneDelegate.swift */ = {isa = PBXFileReference; lastKnownFileType = sourcecode.swift; path = SceneDelegate.swift; sourceTree = "<group>"; };
		0C453D6F24346FC6006B5B63 /* ViewController.swift */ = {isa = PBXFileReference; lastKnownFileType = sourcecode.swift; path = ViewController.swift; sourceTree = "<group>"; };
		0C453D7424346FC8006B5B63 /* Assets.xcassets */ = {isa = PBXFileReference; lastKnownFileType = folder.assetcatalog; path = Assets.xcassets; sourceTree = "<group>"; };
		0C453D7724346FC8006B5B63 /* Base */ = {isa = PBXFileReference; lastKnownFileType = file.storyboard; name = Base; path = Base.lproj/LaunchScreen.storyboard; sourceTree = "<group>"; };
		0C453D7924346FC8006B5B63 /* Info.plist */ = {isa = PBXFileReference; lastKnownFileType = text.plist.xml; path = Info.plist; sourceTree = "<group>"; };
		0C453D7F2434712A006B5B63 /* Country.swift */ = {isa = PBXFileReference; fileEncoding = 4; lastKnownFileType = sourcecode.swift; path = Country.swift; sourceTree = "<group>"; };
		0C453D802434712A006B5B63 /* CountryCell.swift */ = {isa = PBXFileReference; fileEncoding = 4; lastKnownFileType = sourcecode.swift; path = CountryCell.swift; sourceTree = "<group>"; };
/* End PBXFileReference section */

/* Begin PBXFrameworksBuildPhase section */
		0C453D6524346FC6006B5B63 /* Frameworks */ = {
			isa = PBXFrameworksBuildPhase;
			buildActionMask = 2147483647;
			files = (
			);
			runOnlyForDeploymentPostprocessing = 0;
		};
/* End PBXFrameworksBuildPhase section */

/* Begin PBXGroup section */
		0C453D5F24346FC6006B5B63 = {
			isa = PBXGroup;
			children = (
				0C453D6A24346FC6006B5B63 /* searchBariOS */,
				0C453D6924346FC6006B5B63 /* Products */,
			);
			sourceTree = "<group>";
		};
		0C453D6924346FC6006B5B63 /* Products */ = {
			isa = PBXGroup;
			children = (
				0C453D6824346FC6006B5B63 /* searchBariOS.app */,
			);
			name = Products;
			sourceTree = "<group>";
		};
		0C453D6A24346FC6006B5B63 /* searchBariOS */ = {
			isa = PBXGroup;
			children = (
				0C453D6B24346FC6006B5B63 /* AppDelegate.swift */,
				0C453D6D24346FC6006B5B63 /* SceneDelegate.swift */,
				0C453D6F24346FC6006B5B63 /* ViewController.swift */,
				0C453D7F2434712A006B5B63 /* Country.swift */,
				0C453D802434712A006B5B63 /* CountryCell.swift */,
				0C453D7424346FC8006B5B63 /* Assets.xcassets */,
				0C453D7624346FC8006B5B63 /* LaunchScreen.storyboard */,
				0C453D7924346FC8006B5B63 /* Info.plist */,
			);
			path = searchBariOS;
			sourceTree = "<group>";
		};
/* End PBXGroup section */

/* Begin PBXNativeTarget section */
		0C453D6724346FC6006B5B63 /* searchBariOS */ = {
			isa = PBXNativeTarget;
			buildConfigurationList = 0C453D7C24346FC8006B5B63 /* Build configuration list for PBXNativeTarget "searchBariOS" */;
			buildPhases = (
				0C453D6424346FC6006B5B63 /* Sources */,
				0C453D6524346FC6006B5B63 /* Frameworks */,
				0C453D6624346FC6006B5B63 /* Resources */,
			);
			buildRules = (
			);
			dependencies = (
			);
			name = searchBariOS;
			productName = searchBariOS;
			productReference = 0C453D6824346FC6006B5B63 /* searchBariOS.app */;
			productType = "com.apple.product-type.application";
		};
/* End PBXNativeTarget section */

/* Begin PBXProject section */
		0C453D6024346FC6006B5B63 /* Project object */ = {
			isa = PBXProject;
			attributes = {
				LastSwiftUpdateCheck = 1140;
				LastUpgradeCheck = 1140;
				ORGANIZATIONNAME = "Fabrício Guilhermo";
				TargetAttributes = {
					0C453D6724346FC6006B5B63 = {
						CreatedOnToolsVersion = 11.4;
					};
				};
			};
			buildConfigurationList = 0C453D6324346FC6006B5B63 /* Build configuration list for PBXProject "searchBariOS" */;
			compatibilityVersion = "Xcode 9.3";
			developmentRegion = en;
			hasScannedForEncodings = 0;
			knownRegions = (
				en,
				Base,
			);
			mainGroup = 0C453D5F24346FC6006B5B63;
			productRefGroup = 0C453D6924346FC6006B5B63 /* Products */;
			projectDirPath = "";
			projectRoot = "";
			targets = (
				0C453D6724346FC6006B5B63 /* searchBariOS */,
			);
		};
/* End PBXProject section */

/* Begin PBXResourcesBuildPhase section */
		0C453D6624346FC6006B5B63 /* Resources */ = {
			isa = PBXResourcesBuildPhase;
			buildActionMask = 2147483647;
			files = (
				0C453D7824346FC8006B5B63 /* LaunchScreen.storyboard in Resources */,
				0C453D7524346FC8006B5B63 /* Assets.xcassets in Resources */,
			);
			runOnlyForDeploymentPostprocessing = 0;
		};
/* End PBXResourcesBuildPhase section */

/* Begin PBXSourcesBuildPhase section */
		0C453D6424346FC6006B5B63 /* Sources */ = {
			isa = PBXSourcesBuildPhase;
			buildActionMask = 2147483647;
			files = (
				0C453D812434712A006B5B63 /* Country.swift in Sources */,
				0C453D7024346FC6006B5B63 /* ViewController.swift in Sources */,
				0C453D822434712A006B5B63 /* CountryCell.swift in Sources */,
				0C453D6C24346FC6006B5B63 /* AppDelegate.swift in Sources */,
				0C453D6E24346FC6006B5B63 /* SceneDelegate.swift in Sources */,
			);
			runOnlyForDeploymentPostprocessing = 0;
		};
/* End PBXSourcesBuildPhase section */

/* Begin PBXVariantGroup section */
		0C453D7624346FC8006B5B63 /* LaunchScreen.storyboard */ = {
			isa = PBXVariantGroup;
			children = (
				0C453D7724346FC8006B5B63 /* Base */,
			);
			name = LaunchScreen.storyboard;
			sourceTree = "<group>";
		};
/* End PBXVariantGroup section */

/* Begin XCBuildConfiguration section */
		0C453D7A24346FC8006B5B63 /* Debug */ = {
			isa = XCBuildConfiguration;
			buildSettings = {
				ALWAYS_SEARCH_USER_PATHS = NO;
				CLANG_ANALYZER_NONNULL = YES;
				CLANG_ANALYZER_NUMBER_OBJECT_CONVERSION = YES_AGGRESSIVE;
				CLANG_CXX_LANGUAGE_STANDARD = "gnu++14";
				CLANG_CXX_LIBRARY = "libc++";
				CLANG_ENABLE_MODULES = YES;
				CLANG_ENABLE_OBJC_ARC = YES;
				CLANG_ENABLE_OBJC_WEAK = YES;
				CLANG_WARN_BLOCK_CAPTURE_AUTORELEASING = YES;
				CLANG_WARN_BOOL_CONVERSION = YES;
				CLANG_WARN_COMMA = YES;
				CLANG_WARN_CONSTANT_CONVERSION = YES;
				CLANG_WARN_DEPRECATED_OBJC_IMPLEMENTATIONS = YES;
				CLANG_WARN_DIRECT_OBJC_ISA_USAGE = YES_ERROR;
				CLANG_WARN_DOCUMENTATION_COMMENTS = YES;
				CLANG_WARN_EMPTY_BODY = YES;
				CLANG_WARN_ENUM_CONVERSION = YES;
				CLANG_WARN_INFINITE_RECURSION = YES;
				CLANG_WARN_INT_CONVERSION = YES;
				CLANG_WARN_NON_LITERAL_NULL_CONVERSION = YES;
				CLANG_WARN_OBJC_IMPLICIT_RETAIN_SELF = YES;
				CLANG_WARN_OBJC_LITERAL_CONVERSION = YES;
				CLANG_WARN_OBJC_ROOT_CLASS = YES_ERROR;
				CLANG_WARN_RANGE_LOOP_ANALYSIS = YES;
				CLANG_WARN_STRICT_PROTOTYPES = YES;
				CLANG_WARN_SUSPICIOUS_MOVE = YES;
				CLANG_WARN_UNGUARDED_AVAILABILITY = YES_AGGRESSIVE;
				CLANG_WARN_UNREACHABLE_CODE = YES;
				CLANG_WARN__DUPLICATE_METHOD_MATCH = YES;
				COPY_PHASE_STRIP = NO;
				DEBUG_INFORMATION_FORMAT = dwarf;
				ENABLE_STRICT_OBJC_MSGSEND = YES;
				ENABLE_TESTABILITY = YES;
				GCC_C_LANGUAGE_STANDARD = gnu11;
				GCC_DYNAMIC_NO_PIC = NO;
				GCC_NO_COMMON_BLOCKS = YES;
				GCC_OPTIMIZATION_LEVEL = 0;
				GCC_PREPROCESSOR_DEFINITIONS = (
					"DEBUG=1",
					"$(inherited)",
				);
				GCC_WARN_64_TO_32_BIT_CONVERSION = YES;
				GCC_WARN_ABOUT_RETURN_TYPE = YES_ERROR;
				GCC_WARN_UNDECLARED_SELECTOR = YES;
				GCC_WARN_UNINITIALIZED_AUTOS = YES_AGGRESSIVE;
				GCC_WARN_UNUSED_FUNCTION = YES;
				GCC_WARN_UNUSED_VARIABLE = YES;
				IPHONEOS_DEPLOYMENT_TARGET = 13.4;
				MTL_ENABLE_DEBUG_INFO = INCLUDE_SOURCE;
				MTL_FAST_MATH = YES;
				ONLY_ACTIVE_ARCH = YES;
				SDKROOT = iphoneos;
				SWIFT_ACTIVE_COMPILATION_CONDITIONS = DEBUG;
				SWIFT_OPTIMIZATION_LEVEL = "-Onone";
			};
			name = Debug;
		};
		0C453D7B24346FC8006B5B63 /* Release */ = {
			isa = XCBuildConfiguration;
			buildSettings = {
				ALWAYS_SEARCH_USER_PATHS = NO;
				CLANG_ANALYZER_NONNULL = YES;
				CLANG_ANALYZER_NUMBER_OBJECT_CONVERSION = YES_AGGRESSIVE;
				CLANG_CXX_LANGUAGE_STANDARD = "gnu++14";
				CLANG_CXX_LIBRARY = "libc++";
				CLANG_ENABLE_MODULES = YES;
				CLANG_ENABLE_OBJC_ARC = YES;
				CLANG_ENABLE_OBJC_WEAK = YES;
				CLANG_WARN_BLOCK_CAPTURE_AUTORELEASING = YES;
				CLANG_WARN_BOOL_CONVERSION = YES;
				CLANG_WARN_COMMA = YES;
				CLANG_WARN_CONSTANT_CONVERSION = YES;
				CLANG_WARN_DEPRECATED_OBJC_IMPLEMENTATIONS = YES;
				CLANG_WARN_DIRECT_OBJC_ISA_USAGE = YES_ERROR;
				CLANG_WARN_DOCUMENTATION_COMMENTS = YES;
				CLANG_WARN_EMPTY_BODY = YES;
				CLANG_WARN_ENUM_CONVERSION = YES;
				CLANG_WARN_INFINITE_RECURSION = YES;
				CLANG_WARN_INT_CONVERSION = YES;
				CLANG_WARN_NON_LITERAL_NULL_CONVERSION = YES;
				CLANG_WARN_OBJC_IMPLICIT_RETAIN_SELF = YES;
				CLANG_WARN_OBJC_LITERAL_CONVERSION = YES;
				CLANG_WARN_OBJC_ROOT_CLASS = YES_ERROR;
				CLANG_WARN_RANGE_LOOP_ANALYSIS = YES;
				CLANG_WARN_STRICT_PROTOTYPES = YES;
				CLANG_WARN_SUSPICIOUS_MOVE = YES;
				CLANG_WARN_UNGUARDED_AVAILABILITY = YES_AGGRESSIVE;
				CLANG_WARN_UNREACHABLE_CODE = YES;
				CLANG_WARN__DUPLICATE_METHOD_MATCH = YES;
				COPY_PHASE_STRIP = NO;
				DEBUG_INFORMATION_FORMAT = "dwarf-with-dsym";
				ENABLE_NS_ASSERTIONS = NO;
				ENABLE_STRICT_OBJC_MSGSEND = YES;
				GCC_C_LANGUAGE_STANDARD = gnu11;
				GCC_NO_COMMON_BLOCKS = YES;
				GCC_WARN_64_TO_32_BIT_CONVERSION = YES;
				GCC_WARN_ABOUT_RETURN_TYPE = YES_ERROR;
				GCC_WARN_UNDECLARED_SELECTOR = YES;
				GCC_WARN_UNINITIALIZED_AUTOS = YES_AGGRESSIVE;
				GCC_WARN_UNUSED_FUNCTION = YES;
				GCC_WARN_UNUSED_VARIABLE = YES;
				IPHONEOS_DEPLOYMENT_TARGET = 13.4;
				MTL_ENABLE_DEBUG_INFO = NO;
				MTL_FAST_MATH = YES;
				SDKROOT = iphoneos;
				SWIFT_COMPILATION_MODE = wholemodule;
				SWIFT_OPTIMIZATION_LEVEL = "-O";
				VALIDATE_PRODUCT = YES;
			};
			name = Release;
		};
		0C453D7D24346FC8006B5B63 /* Debug */ = {
			isa = XCBuildConfiguration;
			buildSettings = {
				ASSETCATALOG_COMPILER_APPICON_NAME = AppIcon;
				CODE_SIGN_STYLE = Automatic;
				DEVELOPMENT_TEAM = 8LWWH6K4TJ;
				INFOPLIST_FILE = searchBariOS/Info.plist;
				LD_RUNPATH_SEARCH_PATHS = (
					"$(inherited)",
					"@executable_path/Frameworks",
				);
				PRODUCT_BUNDLE_IDENTIFIER = fabricioguilhermo.searchBariOS;
				PRODUCT_NAME = "$(TARGET_NAME)";
				SWIFT_VERSION = 5.0;
				TARGETED_DEVICE_FAMILY = "1,2";
			};
			name = Debug;
		};
		0C453D7E24346FC8006B5B63 /* Release */ = {
			isa = XCBuildConfiguration;
			buildSettings = {
				ASSETCATALOG_COMPILER_APPICON_NAME = AppIcon;
				CODE_SIGN_STYLE = Automatic;
				DEVELOPMENT_TEAM = 8LWWH6K4TJ;
				INFOPLIST_FILE = searchBariOS/Info.plist;
				LD_RUNPATH_SEARCH_PATHS = (
					"$(inherited)",
					"@executable_path/Frameworks",
				);
				PRODUCT_BUNDLE_IDENTIFIER = fabricioguilhermo.searchBariOS;
				PRODUCT_NAME = "$(TARGET_NAME)";
				SWIFT_VERSION = 5.0;
				TARGETED_DEVICE_FAMILY = "1,2";
			};
			name = Release;
		};
/* End XCBuildConfiguration section */

/* Begin XCConfigurationList section */
		0C453D6324346FC6006B5B63 /* Build configuration list for PBXProject "searchBariOS" */ = {
			isa = XCConfigurationList;
			buildConfigurations = (
				0C453D7A24346FC8006B5B63 /* Debug */,
				0C453D7B24346FC8006B5B63 /* Release */,
			);
			defaultConfigurationIsVisible = 0;
			defaultConfigurationName = Release;
		};
		0C453D7C24346FC8006B5B63 /* Build configuration list for PBXNativeTarget "searchBariOS" */ = {
			isa = XCConfigurationList;
			buildConfigurations = (
				0C453D7D24346FC8006B5B63 /* Debug */,
				0C453D7E24346FC8006B5B63 /* Release */,
			);
			defaultConfigurationIsVisible = 0;
			defaultConfigurationName = Release;
		};
/* End XCConfigurationList section */
	};
	rootObject = 0C453D6024346FC6006B5B63 /* Project object */;
}
